{
  "lockfileVersion": 0,
  "workspaces": {
    "": {
      "name": "app",
      "dependencies": {
        "hono": "^4.6.17",
      },
      "devDependencies": {
        "bun-types": "latest",
        "typescript": "^5.7.3",
      },
    },
  },
  "packages": {
    "@types/node": ["@types/node@20.12.14", "", { "dependencies": { "undici-types": "~5.26.4" } }, "sha512-scnD59RpYD91xngrQQLGkE+6UrHUPzeKZWhhjBSa3HSkwjbQc38+q3RoIVEwxQGRw3M+j5hpNAM+lgV3cVormg=="],

    "@types/ws": ["@types/ws@8.5.13", "", { "dependencies": { "@types/node": "*" } }, "sha512-osM/gWBTPKgHV8XkTunnegTRIsvF6owmf5w+JtAfOw472dptdm0dlGv4xCt6GwQRcC2XVOvvRE/0bAoQcL2QkA=="],

    "bun-types": ["bun-types@1.1.45", "", { "dependencies": { "@types/node": "~20.12.8", "@types/ws": "~8.5.10" } }, "sha512-8NT3BYwkyO8nzTG1k+q86VEvucw7s5W1fjRIGs0Y6/XNbTZn+mHEU39LFnuDLj4UmGCMpWCQtXUhLd6cko49Ww=="],

    "hono": ["hono@4.6.17", "", {}, "sha512-Kbh4M0so2RzLiIg6iP33DoTU68TdvP2O/kb1Hhhdwa37fazuf402ig8ZRfjkz2dqXwiWl2dAgh0f++TuKAdOtQ=="],

    "typescript": ["typescript@5.7.3", "", { "bin": { "tsc": "bin/tsc", "tsserver": "bin/tsserver" } }, "sha512-84MVSjMEHP+FQRPy3pX9sTVV/INIex71s9TL2Gm5FG/WG1SqXeKyZ0k7/blY/4FdOzI12CBy1vGc4og/eus0fw=="],

    "undici-types": ["undici-types@5.26.5", "", {}, "sha512-JlCMO+ehdEIKqlFxk6IfVoAUVmgz7cU7zD/h9XZ0qzeosSHmUJVOzSQvvYSYWXkFXC+IfLKSIffhv0sVZup6pA=="],
  }
}
